{
  "requires": true,
  "lockfileVersion": 1,
  "dependencies": {
    "cordova-plugin-android-fingerprint-auth": {
      "version": "1.5.0",
      "resolved": "https://registry.npmjs.org/cordova-plugin-android-fingerprint-auth/-/cordova-plugin-android-fingerprint-auth-1.5.0.tgz",
      "integrity": "sha512-EozuBxIAo7rnIZajSWJIN8Re0KdExSlH9kxUqhYVUExzB4jQDm+JO2qcSGulXcoGsabqRgqR8XRuaoa+h+XSBQ==",
      "dev": true
    },
    "cordova-plugin-dialogs": {
      "version": "2.0.1",
      "resolved": "https://registry.npmjs.org/cordova-plugin-dialogs/-/cordova-plugin-dialogs-2.0.1.tgz",
      "integrity": "sha1-N/7xUSWWyNXflUP7eHJFkPdn3PM=",
      "dev": true
    },
    "cordova-plugin-qr-barcode-scanner": {
      "version": "8.0.3",
      "resolved": "https://registry.npmjs.org/cordova-plugin-qr-barcode-scanner/-/cordova-plugin-qr-barcode-scanner-8.0.3.tgz",
      "integrity": "sha512-K1AxfEvKr0N3PsVI7+XwkbaxFzAODRkLpvr6lwOBJc26ePgJOfaLfhUnPT+kmccPVyUQ5VIRzzEoPMKuBvbqxQ==",
      "dev": true
    },
    "cordova-plugin-secure-key-store": {
      "version": "1.5.5",
      "resolved": "https://registry.npmjs.org/cordova-plugin-secure-key-store/-/cordova-plugin-secure-key-store-1.5.5.tgz",
      "integrity": "sha512-7TsKB8HhckTT6RUPqGvWc8A2pfxVhYC2P3VQRS9CCGhU8C1fiXtBWbB5wWJ8KtTAk1QL5+aT0XwrhHvrRKOX5g==",
      "dev": true
    },
    "cordova-plugin-splashscreen": {
      "version": "5.0.3",
      "resolved": "https://registry.npmjs.org/cordova-plugin-splashscreen/-/cordova-plugin-splashscreen-5.0.3.tgz",
      "integrity": "sha512-rnoDXMDfzoeHDBvsnu6JmzDE/pV5YJCAfc5hYX/Mb2BIXGgSjFJheByt0tU6kp3Wl40tSyFX4pYfBwFblBGyRg==",
      "dev": true
    },
    "cordova-plugin-velda-devicefeedback": {
      "version": "0.0.2",
      "resolved": "https://registry.npmjs.org/cordova-plugin-velda-devicefeedback/-/cordova-plugin-velda-devicefeedback-0.0.2.tgz",
      "integrity": "sha1-ZCnduHXMrCIEpAqA6juzLAovXRo=",
      "dev": true
    },
    "cordova-plugin-whitelist": {
      "version": "1.3.3",
      "resolved": "https://registry.npmjs.org/cordova-plugin-whitelist/-/cordova-plugin-whitelist-1.3.3.tgz",
      "integrity": "sha1-tehezbv+Wu3tQKG/TuI3LmfZb7Q=",
      "dev": true
    }
  }
}
